
Microsoft Visual Studio Solution File, Format Version 12.00
# Visual Studio Version 17
VisualStudioVersion = 17.4.33205.214
MinimumVisualStudioVersion = 10.0.40219.1
Project("{FAE04EC0-301F-11D3-BF4B-00C04F79EFBC}") = "App1", "App1\App1\App1.csproj", "{17DC5464-E53D-437D-883A-31DE2EEC4EEB}"
EndProject
Global
	GlobalSection(SolutionConfigurationPlatforms) = preSolution
		Debug|Any CPU = Debug|Any CPU
		Release|Any CPU = Release|Any CPU
	EndGlobalSection
	GlobalSection(ProjectConfigurationPlatforms) = postSolution
		{17DC5464-E53D-437D-883A-31DE2EEC4EEB}.Debug|Any CPU.ActiveCfg = Debug|Any CPU
		{17DC5464-E53D-437D-883A-31DE2EEC4EEB}.Debug|Any CPU.Build.0 = Debug|Any CPU
		{17DC5464-E53D-437D-883A-31DE2EEC4EEB}.Debug|Any CPU.Deploy.0 = Debug|Any CPU
		{17DC5464-E53D-437D-883A-31DE2EEC4EEB}.Release|Any CPU.ActiveCfg = Release|Any CPU
		{17DC5464-E53D-437D-883A-31DE2EEC4EEB}.Release|Any CPU.Build.0 = Release|Any CPU
		{17DC5464-E53D-437D-883A-31DE2EEC4EEB}.Release|Any CPU.Deploy.0 = Release|Any CPU
	EndGlobalSection
	GlobalSection(SolutionProperties) = preSolution
		HideSolutionNode = FALSE
	EndGlobalSection
	GlobalSection(ExtensibilityGlobals) = postSolution
		SolutionGuid = {B8D423D2-FC55-42EA-8501-8B21E5208DAE}
	EndGlobalSection
EndGlobal
